
Microsoft Visual Studio Solution File, Format Version 12.00
# Visual Studio Version 17
VisualStudioVersion = 17.8.34525.116
MinimumVisualStudioVersion = 10.0.40219.1
Project("{FAE04EC0-301F-11D3-BF4B-00C04F79EFBC}") = "WindowsFormsApp1", "WindowsFormsApp1.csproj", "{CE30B751-D70D-44C1-98CE-04B5EADF4AC2}"
EndProject
Global
	GlobalSection(SolutionConfigurationPlatforms) = preSolution
		Debug|Any CPU = Debug|Any CPU
		Release|Any CPU = Release|Any CPU
	EndGlobalSection
	GlobalSection(ProjectConfigurationPlatforms) = postSolution
		{CE30B751-D70D-44C1-98CE-04B5EADF4AC2}.Debug|Any CPU.ActiveCfg = Debug|Any CPU
		{CE30B751-D70D-44C1-98CE-04B5EADF4AC2}.Debug|Any CPU.Build.0 = Debug|Any CPU
		{CE30B751-D70D-44C1-98CE-04B5EADF4AC2}.Release|Any CPU.ActiveCfg = Release|Any CPU
		{CE30B751-D70D-44C1-98CE-04B5EADF4AC2}.Release|Any CPU.Build.0 = Release|Any CPU
	EndGlobalSection
	GlobalSection(SolutionProperties) = preSolution
		HideSolutionNode = FALSE
	EndGlobalSection
	GlobalSection(ExtensibilityGlobals) = postSolution
		SolutionGuid = {444EFCFC-4B5A-4CDD-A3C3-E2BCA96D86D8}
	EndGlobalSection
EndGlobal
